
Microsoft Visual Studio Solution File, Format Version 12.00
# Visual Studio Version 16
VisualStudioVersion = 16.0.28803.202
MinimumVisualStudioVersion = 10.0.40219.1
Project("{FAE04EC0-301F-11D3-BF4B-00C04F79EFBC}") = "ConsoleApp2", "ConsoleApp2\ConsoleApp2.csproj", "{F5B82412-23CD-4007-B1F3-DEAB34B3C30E}"
EndProject
Global
	GlobalSection(SolutionConfigurationPlatforms) = preSolution
		Debug|Any CPU = Debug|Any CPU
		Release|Any CPU = Release|Any CPU
	EndGlobalSection
	GlobalSection(ProjectConfigurationPlatforms) = postSolution
		{F5B82412-23CD-4007-B1F3-DEAB34B3C30E}.Debug|Any CPU.ActiveCfg = Debug|Any CPU
		{F5B82412-23CD-4007-B1F3-DEAB34B3C30E}.Debug|Any CPU.Build.0 = Debug|Any CPU
		{F5B82412-23CD-4007-B1F3-DEAB34B3C30E}.Release|Any CPU.ActiveCfg = Release|Any CPU
		{F5B82412-23CD-4007-B1F3-DEAB34B3C30E}.Release|Any CPU.Build.0 = Release|Any CPU
	EndGlobalSection
	GlobalSection(SolutionProperties) = preSolution
		HideSolutionNode = FALSE
	EndGlobalSection
	GlobalSection(ExtensibilityGlobals) = postSolution
		SolutionGuid = {FF2FECA8-41CB-42F7-B759-0288D263B468}
	EndGlobalSection
EndGlobal
