
Microsoft Visual Studio Solution File, Format Version 12.00
# Visual Studio Version 16
VisualStudioVersion = 16.0.28803.202
MinimumVisualStudioVersion = 10.0.40219.1
Project("{FAE04EC0-301F-11D3-BF4B-00C04F79EFBC}") = "Datatypes and Variables Challenge", "Datatypes and Variables Challenge\Datatypes and Variables Challenge.csproj", "{43AF5AFB-3169-4C4B-BC64-E0A4581F09E3}"
EndProject
Global
	GlobalSection(SolutionConfigurationPlatforms) = preSolution
		Debug|Any CPU = Debug|Any CPU
		Release|Any CPU = Release|Any CPU
	EndGlobalSection
	GlobalSection(ProjectConfigurationPlatforms) = postSolution
		{43AF5AFB-3169-4C4B-BC64-E0A4581F09E3}.Debug|Any CPU.ActiveCfg = Debug|Any CPU
		{43AF5AFB-3169-4C4B-BC64-E0A4581F09E3}.Debug|Any CPU.Build.0 = Debug|Any CPU
		{43AF5AFB-3169-4C4B-BC64-E0A4581F09E3}.Release|Any CPU.ActiveCfg = Release|Any CPU
		{43AF5AFB-3169-4C4B-BC64-E0A4581F09E3}.Release|Any CPU.Build.0 = Release|Any CPU
	EndGlobalSection
	GlobalSection(SolutionProperties) = preSolution
		HideSolutionNode = FALSE
	EndGlobalSection
	GlobalSection(ExtensibilityGlobals) = postSolution
		SolutionGuid = {F4051FB1-1A6D-47F4-95B0-89333C4FDE77}
	EndGlobalSection
EndGlobal
